// !$*UTF8*$!
{
	archiveVersion = 1;
	classes = {
	};
	objectVersion = 56;
	objects = {

/* Begin PBXBuildFile section */
		7660B99C2A9BA7850040A1D9 /* TestingNotificationCenterApp.swift in Sources */ = {isa = PBXBuildFile; fileRef = 7660B99B2A9BA7850040A1D9 /* TestingNotificationCenterApp.swift */; };
		7660B99E2A9BA7850040A1D9 /* ContentView.swift in Sources */ = {isa = PBXBuildFile; fileRef = 7660B99D2A9BA7850040A1D9 /* ContentView.swift */; };
		7660B9A02A9BA7880040A1D9 /* Assets.xcassets in Resources */ = {isa = PBXBuildFile; fileRef = 7660B99F2A9BA7880040A1D9 /* Assets.xcassets */; };
		7660B9A32A9BA7880040A1D9 /* Preview Assets.xcassets in Resources */ = {isa = PBXBuildFile; fileRef = 7660B9A22A9BA7880040A1D9 /* Preview Assets.xcassets */; };
		7660B9AD2A9BA7880040A1D9 /* TestingNotificationCenterTests.swift in Sources */ = {isa = PBXBuildFile; fileRef = 7660B9AC2A9BA7880040A1D9 /* TestingNotificationCenterTests.swift */; };
		7660B9B72A9BA7880040A1D9 /* TestingNotificationCenterUITests.swift in Sources */ = {isa = PBXBuildFile; fileRef = 7660B9B62A9BA7880040A1D9 /* TestingNotificationCenterUITests.swift */; };
		7660B9B92A9BA7880040A1D9 /* TestingNotificationCenterUITestsLaunchTests.swift in Sources */ = {isa = PBXBuildFile; fileRef = 7660B9B82A9BA7880040A1D9 /* TestingNotificationCenterUITestsLaunchTests.swift */; };
		7660B9C62A9BA9C40040A1D9 /* AnotherPage.swift in Sources */ = {isa = PBXBuildFile; fileRef = 7660B9C52A9BA9C40040A1D9 /* AnotherPage.swift */; };
/* End PBXBuildFile section */

/* Begin PBXContainerItemProxy section */
		7660B9A92A9BA7880040A1D9 /* PBXContainerItemProxy */ = {
			isa = PBXContainerItemProxy;
			containerPortal = 7660B9902A9BA7850040A1D9 /* Project object */;
			proxyType = 1;
			remoteGlobalIDString = 7660B9972A9BA7850040A1D9;
			remoteInfo = TestingNotificationCenter;
		};
		7660B9B32A9BA7880040A1D9 /* PBXContainerItemProxy */ = {
			isa = PBXContainerItemProxy;
			containerPortal = 7660B9902A9BA7850040A1D9 /* Project object */;
			proxyType = 1;
			remoteGlobalIDString = 7660B9972A9BA7850040A1D9;
			remoteInfo = TestingNotificationCenter;
		};
/* End PBXContainerItemProxy section */

/* Begin PBXFileReference section */
		7660B9982A9BA7850040A1D9 /* TestingNotificationCenter.app */ = {isa = PBXFileReference; explicitFileType = wrapper.application; includeInIndex = 0; path = TestingNotificationCenter.app; sourceTree = BUILT_PRODUCTS_DIR; };
		7660B99B2A9BA7850040A1D9 /* TestingNotificationCenterApp.swift */ = {isa = PBXFileReference; lastKnownFileType = sourcecode.swift; path = TestingNotificationCenterApp.swift; sourceTree = "<group>"; };
		7660B99D2A9BA7850040A1D9 /* ContentView.swift */ = {isa = PBXFileReference; lastKnownFileType = sourcecode.swift; path = ContentView.swift; sourceTree = "<group>"; };
		7660B99F2A9BA7880040A1D9 /* Assets.xcassets */ = {isa = PBXFileReference; lastKnownFileType = folder.assetcatalog; path = Assets.xcassets; sourceTree = "<group>"; };
		7660B9A22A9BA7880040A1D9 /* Preview Assets.xcassets */ = {isa = PBXFileReference; lastKnownFileType = folder.assetcatalog; path = "Preview Assets.xcassets"; sourceTree = "<group>"; };
		7660B9A82A9BA7880040A1D9 /* TestingNotificationCenterTests.xctest */ = {isa = PBXFileReference; explicitFileType = wrapper.cfbundle; includeInIndex = 0; path = TestingNotificationCenterTests.xctest; sourceTree = BUILT_PRODUCTS_DIR; };
		7660B9AC2A9BA7880040A1D9 /* TestingNotificationCenterTests.swift */ = {isa = PBXFileReference; lastKnownFileType = sourcecode.swift; path = TestingNotificationCenterTests.swift; sourceTree = "<group>"; };
		7660B9B22A9BA7880040A1D9 /* TestingNotificationCenterUITests.xctest */ = {isa = PBXFileReference; explicitFileType = wrapper.cfbundle; includeInIndex = 0; path = TestingNotificationCenterUITests.xctest; sourceTree = BUILT_PRODUCTS_DIR; };
		7660B9B62A9BA7880040A1D9 /* TestingNotificationCenterUITests.swift */ = {isa = PBXFileReference; lastKnownFileType = sourcecode.swift; path = TestingNotificationCenterUITests.swift; sourceTree = "<group>"; };
		7660B9B82A9BA7880040A1D9 /* TestingNotificationCenterUITestsLaunchTests.swift */ = {isa = PBXFileReference; lastKnownFileType = sourcecode.swift; path = TestingNotificationCenterUITestsLaunchTests.swift; sourceTree = "<group>"; };
		7660B9C52A9BA9C40040A1D9 /* AnotherPage.swift */ = {isa = PBXFileReference; lastKnownFileType = sourcecode.swift; path = AnotherPage.swift; sourceTree = "<group>"; };
/* End PBXFileReference section */

/* Begin PBXFrameworksBuildPhase section */
		7660B9952A9BA7850040A1D9 /* Frameworks */ = {
			isa = PBXFrameworksBuildPhase;
			buildActionMask = 2147483647;
			files = (
			);
			runOnlyForDeploymentPostprocessing = 0;
		};
		7660B9A52A9BA7880040A1D9 /* Frameworks */ = {
			isa = PBXFrameworksBuildPhase;
			buildActionMask = 2147483647;
			files = (
			);
			runOnlyForDeploymentPostprocessing = 0;
		};
		7660B9AF2A9BA7880040A1D9 /* Frameworks */ = {
			isa = PBXFrameworksBuildPhase;
			buildActionMask = 2147483647;
			files = (
			);
			runOnlyForDeploymentPostprocessing = 0;
		};
/* End PBXFrameworksBuildPhase section */

/* Begin PBXGroup section */
		7660B98F2A9BA7850040A1D9 = {
			isa = PBXGroup;
			children = (
				7660B99A2A9BA7850040A1D9 /* TestingNotificationCenter */,
				7660B9AB2A9BA7880040A1D9 /* TestingNotificationCenterTests */,
				7660B9B52A9BA7880040A1D9 /* TestingNotificationCenterUITests */,
				7660B9992A9BA7850040A1D9 /* Products */,
			);
			sourceTree = "<group>";
		};
		7660B9992A9BA7850040A1D9 /* Products */ = {
			isa = PBXGroup;
			children = (
				7660B9982A9BA7850040A1D9 /* TestingNotificationCenter.app */,
				7660B9A82A9BA7880040A1D9 /* TestingNotificationCenterTests.xctest */,
				7660B9B22A9BA7880040A1D9 /* TestingNotificationCenterUITests.xctest */,
			);
			name = Products;
			sourceTree = "<group>";
		};
		7660B99A2A9BA7850040A1D9 /* TestingNotificationCenter */ = {
			isa = PBXGroup;
			children = (
				7660B99B2A9BA7850040A1D9 /* TestingNotificationCenterApp.swift */,
				7660B99D2A9BA7850040A1D9 /* ContentView.swift */,
				7660B99F2A9BA7880040A1D9 /* Assets.xcassets */,
				7660B9A12A9BA7880040A1D9 /* Preview Content */,
				7660B9C52A9BA9C40040A1D9 /* AnotherPage.swift */,
			);
			path = TestingNotificationCenter;
			sourceTree = "<group>";
		};
		7660B9A12A9BA7880040A1D9 /* Preview Content */ = {
			isa = PBXGroup;
			children = (
				7660B9A22A9BA7880040A1D9 /* Preview Assets.xcassets */,
			);
			path = "Preview Content";
			sourceTree = "<group>";
		};
		7660B9AB2A9BA7880040A1D9 /* TestingNotificationCenterTests */ = {
			isa = PBXGroup;
			children = (
				7660B9AC2A9BA7880040A1D9 /* TestingNotificationCenterTests.swift */,
			);
			path = TestingNotificationCenterTests;
			sourceTree = "<group>";
		};
		7660B9B52A9BA7880040A1D9 /* TestingNotificationCenterUITests */ = {
			isa = PBXGroup;
			children = (
				7660B9B62A9BA7880040A1D9 /* TestingNotificationCenterUITests.swift */,
				7660B9B82A9BA7880040A1D9 /* TestingNotificationCenterUITestsLaunchTests.swift */,
			);
			path = TestingNotificationCenterUITests;
			sourceTree = "<group>";
		};
/* End PBXGroup section */

/* Begin PBXNativeTarget section */
		7660B9972A9BA7850040A1D9 /* TestingNotificationCenter */ = {
			isa = PBXNativeTarget;
			buildConfigurationList = 7660B9BC2A9BA7880040A1D9 /* Build configuration list for PBXNativeTarget "TestingNotificationCenter" */;
			buildPhases = (
				7660B9942A9BA7850040A1D9 /* Sources */,
				7660B9952A9BA7850040A1D9 /* Frameworks */,
				7660B9962A9BA7850040A1D9 /* Resources */,
			);
			buildRules = (
			);
			dependencies = (
			);
			name = TestingNotificationCenter;
			productName = TestingNotificationCenter;
			productReference = 7660B9982A9BA7850040A1D9 /* TestingNotificationCenter.app */;
			productType = "com.apple.product-type.application";
		};
		7660B9A72A9BA7880040A1D9 /* TestingNotificationCenterTests */ = {
			isa = PBXNativeTarget;
			buildConfigurationList = 7660B9BF2A9BA7880040A1D9 /* Build configuration list for PBXNativeTarget "TestingNotificationCenterTests" */;
			buildPhases = (
				7660B9A42A9BA7880040A1D9 /* Sources */,
				7660B9A52A9BA7880040A1D9 /* Frameworks */,
				7660B9A62A9BA7880040A1D9 /* Resources */,
			);
			buildRules = (
			);
			dependencies = (
				7660B9AA2A9BA7880040A1D9 /* PBXTargetDependency */,
			);
			name = TestingNotificationCenterTests;
			productName = TestingNotificationCenterTests;
			productReference = 7660B9A82A9BA7880040A1D9 /* TestingNotificationCenterTests.xctest */;
			productType = "com.apple.product-type.bundle.unit-test";
		};
		7660B9B12A9BA7880040A1D9 /* TestingNotificationCenterUITests */ = {
			isa = PBXNativeTarget;
			buildConfigurationList = 7660B9C22A9BA7880040A1D9 /* Build configuration list for PBXNativeTarget "TestingNotificationCenterUITests" */;
			buildPhases = (
				7660B9AE2A9BA7880040A1D9 /* Sources */,
				7660B9AF2A9BA7880040A1D9 /* Frameworks */,
				7660B9B02A9BA7880040A1D9 /* Resources */,
			);
			buildRules = (
			);
			dependencies = (
				7660B9B42A9BA7880040A1D9 /* PBXTargetDependency */,
			);
			name = TestingNotificationCenterUITests;
			productName = TestingNotificationCenterUITests;
			productReference = 7660B9B22A9BA7880040A1D9 /* TestingNotificationCenterUITests.xctest */;
			productType = "com.apple.product-type.bundle.ui-testing";
		};
/* End PBXNativeTarget section */

/* Begin PBXProject section */
		7660B9902A9BA7850040A1D9 /* Project object */ = {
			isa = PBXProject;
			attributes = {
				BuildIndependentTargetsInParallel = 1;
				LastSwiftUpdateCheck = 1410;
				LastUpgradeCheck = 1410;
				TargetAttributes = {
					7660B9972A9BA7850040A1D9 = {
						CreatedOnToolsVersion = 14.1;
					};
					7660B9A72A9BA7880040A1D9 = {
						CreatedOnToolsVersion = 14.1;
						TestTargetID = 7660B9972A9BA7850040A1D9;
					};
					7660B9B12A9BA7880040A1D9 = {
						CreatedOnToolsVersion = 14.1;
						TestTargetID = 7660B9972A9BA7850040A1D9;
					};
				};
			};
			buildConfigurationList = 7660B9932A9BA7850040A1D9 /* Build configuration list for PBXProject "TestingNotificationCenter" */;
			compatibilityVersion = "Xcode 14.0";
			developmentRegion = en;
			hasScannedForEncodings = 0;
			knownRegions = (
				en,
				Base,
			);
			mainGroup = 7660B98F2A9BA7850040A1D9;
			productRefGroup = 7660B9992A9BA7850040A1D9 /* Products */;
			projectDirPath = "";
			projectRoot = "";
			targets = (
				7660B9972A9BA7850040A1D9 /* TestingNotificationCenter */,
				7660B9A72A9BA7880040A1D9 /* TestingNotificationCenterTests */,
				7660B9B12A9BA7880040A1D9 /* TestingNotificationCenterUITests */,
			);
		};
/* End PBXProject section */

/* Begin PBXResourcesBuildPhase section */
		7660B9962A9BA7850040A1D9 /* Resources */ = {
			isa = PBXResourcesBuildPhase;
			buildActionMask = 2147483647;
			files = (
				7660B9A32A9BA7880040A1D9 /* Preview Assets.xcassets in Resources */,
				7660B9A02A9BA7880040A1D9 /* Assets.xcassets in Resources */,
			);
			runOnlyForDeploymentPostprocessing = 0;
		};
		7660B9A62A9BA7880040A1D9 /* Resources */ = {
			isa = PBXResourcesBuildPhase;
			buildActionMask = 2147483647;
			files = (
			);
			runOnlyForDeploymentPostprocessing = 0;
		};
		7660B9B02A9BA7880040A1D9 /* Resources */ = {
			isa = PBXResourcesBuildPhase;
			buildActionMask = 2147483647;
			files = (
			);
			runOnlyForDeploymentPostprocessing = 0;
		};
/* End PBXResourcesBuildPhase section */

/* Begin PBXSourcesBuildPhase section */
		7660B9942A9BA7850040A1D9 /* Sources */ = {
			isa = PBXSourcesBuildPhase;
			buildActionMask = 2147483647;
			files = (
				7660B99E2A9BA7850040A1D9 /* ContentView.swift in Sources */,
				7660B9C62A9BA9C40040A1D9 /* AnotherPage.swift in Sources */,
				7660B99C2A9BA7850040A1D9 /* TestingNotificationCenterApp.swift in Sources */,
			);
			runOnlyForDeploymentPostprocessing = 0;
		};
		7660B9A42A9BA7880040A1D9 /* Sources */ = {
			isa = PBXSourcesBuildPhase;
			buildActionMask = 2147483647;
			files = (
				7660B9AD2A9BA7880040A1D9 /* TestingNotificationCenterTests.swift in Sources */,
			);
			runOnlyForDeploymentPostprocessing = 0;
		};
		7660B9AE2A9BA7880040A1D9 /* Sources */ = {
			isa = PBXSourcesBuildPhase;
			buildActionMask = 2147483647;
			files = (
				7660B9B72A9BA7880040A1D9 /* TestingNotificationCenterUITests.swift in Sources */,
				7660B9B92A9BA7880040A1D9 /* TestingNotificationCenterUITestsLaunchTests.swift in Sources */,
			);
			runOnlyForDeploymentPostprocessing = 0;
		};
/* End PBXSourcesBuildPhase section */

/* Begin PBXTargetDependency section */
		7660B9AA2A9BA7880040A1D9 /* PBXTargetDependency */ = {
			isa = PBXTargetDependency;
			target = 7660B9972A9BA7850040A1D9 /* TestingNotificationCenter */;
			targetProxy = 7660B9A92A9BA7880040A1D9 /* PBXContainerItemProxy */;
		};
		7660B9B42A9BA7880040A1D9 /* PBXTargetDependency */ = {
			isa = PBXTargetDependency;
			target = 7660B9972A9BA7850040A1D9 /* TestingNotificationCenter */;
			targetProxy = 7660B9B32A9BA7880040A1D9 /* PBXContainerItemProxy */;
		};
/* End PBXTargetDependency section */

/* Begin XCBuildConfiguration section */
		7660B9BA2A9BA7880040A1D9 /* Debug */ = {
			isa = XCBuildConfiguration;
			buildSettings = {
				ALWAYS_SEARCH_USER_PATHS = NO;
				CLANG_ANALYZER_NONNULL = YES;
				CLANG_ANALYZER_NUMBER_OBJECT_CONVERSION = YES_AGGRESSIVE;
				CLANG_CXX_LANGUAGE_STANDARD = "gnu++20";
				CLANG_ENABLE_MODULES = YES;
				CLANG_ENABLE_OBJC_ARC = YES;
				CLANG_ENABLE_OBJC_WEAK = YES;
				CLANG_WARN_BLOCK_CAPTURE_AUTORELEASING = YES;
				CLANG_WARN_BOOL_CONVERSION = YES;
				CLANG_WARN_COMMA = YES;
				CLANG_WARN_CONSTANT_CONVERSION = YES;
				CLANG_WARN_DEPRECATED_OBJC_IMPLEMENTATIONS = YES;
				CLANG_WARN_DIRECT_OBJC_ISA_USAGE = YES_ERROR;
				CLANG_WARN_DOCUMENTATION_COMMENTS = YES;
				CLANG_WARN_EMPTY_BODY = YES;
				CLANG_WARN_ENUM_CONVERSION = YES;
				CLANG_WARN_INFINITE_RECURSION = YES;
				CLANG_WARN_INT_CONVERSION = YES;
				CLANG_WARN_NON_LITERAL_NULL_CONVERSION = YES;
				CLANG_WARN_OBJC_IMPLICIT_RETAIN_SELF = YES;
				CLANG_WARN_OBJC_LITERAL_CONVERSION = YES;
				CLANG_WARN_OBJC_ROOT_CLASS = YES_ERROR;
				CLANG_WARN_QUOTED_INCLUDE_IN_FRAMEWORK_HEADER = YES;
				CLANG_WARN_RANGE_LOOP_ANALYSIS = YES;
				CLANG_WARN_STRICT_PROTOTYPES = YES;
				CLANG_WARN_SUSPICIOUS_MOVE = YES;
				CLANG_WARN_UNGUARDED_AVAILABILITY = YES_AGGRESSIVE;
				CLANG_WARN_UNREACHABLE_CODE = YES;
				CLANG_WARN__DUPLICATE_METHOD_MATCH = YES;
				COPY_PHASE_STRIP = NO;
				DEBUG_INFORMATION_FORMAT = dwarf;
				ENABLE_STRICT_OBJC_MSGSEND = YES;
				ENABLE_TESTABILITY = YES;
				GCC_C_LANGUAGE_STANDARD = gnu11;
				GCC_DYNAMIC_NO_PIC = NO;
				GCC_NO_COMMON_BLOCKS = YES;
				GCC_OPTIMIZATION_LEVEL = 0;
				GCC_PREPROCESSOR_DEFINITIONS = (
					"DEBUG=1",
					"$(inherited)",
				);
				GCC_WARN_64_TO_32_BIT_CONVERSION = YES;
				GCC_WARN_ABOUT_RETURN_TYPE = YES_ERROR;
				GCC_WARN_UNDECLARED_SELECTOR = YES;
				GCC_WARN_UNINITIALIZED_AUTOS = YES_AGGRESSIVE;
				GCC_WARN_UNUSED_FUNCTION = YES;
				GCC_WARN_UNUSED_VARIABLE = YES;
				IPHONEOS_DEPLOYMENT_TARGET = 16.1;
				MTL_ENABLE_DEBUG_INFO = INCLUDE_SOURCE;
				MTL_FAST_MATH = YES;
				ONLY_ACTIVE_ARCH = YES;
				SDKROOT = iphoneos;
				SWIFT_ACTIVE_COMPILATION_CONDITIONS = DEBUG;
				SWIFT_OPTIMIZATION_LEVEL = "-Onone";
			};
			name = Debug;
		};
		7660B9BB2A9BA7880040A1D9 /* Release */ = {
			isa = XCBuildConfiguration;
			buildSettings = {
				ALWAYS_SEARCH_USER_PATHS = NO;
				CLANG_ANALYZER_NONNULL = YES;
				CLANG_ANALYZER_NUMBER_OBJECT_CONVERSION = YES_AGGRESSIVE;
				CLANG_CXX_LANGUAGE_STANDARD = "gnu++20";
				CLANG_ENABLE_MODULES = YES;
				CLANG_ENABLE_OBJC_ARC = YES;
				CLANG_ENABLE_OBJC_WEAK = YES;
				CLANG_WARN_BLOCK_CAPTURE_AUTORELEASING = YES;
				CLANG_WARN_BOOL_CONVERSION = YES;
				CLANG_WARN_COMMA = YES;
				CLANG_WARN_CONSTANT_CONVERSION = YES;
				CLANG_WARN_DEPRECATED_OBJC_IMPLEMENTATIONS = YES;
				CLANG_WARN_DIRECT_OBJC_ISA_USAGE = YES_ERROR;
				CLANG_WARN_DOCUMENTATION_COMMENTS = YES;
				CLANG_WARN_EMPTY_BODY = YES;
				CLANG_WARN_ENUM_CONVERSION = YES;
				CLANG_WARN_INFINITE_RECURSION = YES;
				CLANG_WARN_INT_CONVERSION = YES;
				CLANG_WARN_NON_LITERAL_NULL_CONVERSION = YES;
				CLANG_WARN_OBJC_IMPLICIT_RETAIN_SELF = YES;
				CLANG_WARN_OBJC_LITERAL_CONVERSION = YES;
				CLANG_WARN_OBJC_ROOT_CLASS = YES_ERROR;
				CLANG_WARN_QUOTED_INCLUDE_IN_FRAMEWORK_HEADER = YES;
				CLANG_WARN_RANGE_LOOP_ANALYSIS = YES;
				CLANG_WARN_STRICT_PROTOTYPES = YES;
				CLANG_WARN_SUSPICIOUS_MOVE = YES;
				CLANG_WARN_UNGUARDED_AVAILABILITY = YES_AGGRESSIVE;
				CLANG_WARN_UNREACHABLE_CODE = YES;
				CLANG_WARN__DUPLICATE_METHOD_MATCH = YES;
				COPY_PHASE_STRIP = NO;
				DEBUG_INFORMATION_FORMAT = "dwarf-with-dsym";
				ENABLE_NS_ASSERTIONS = NO;
				ENABLE_STRICT_OBJC_MSGSEND = YES;
				GCC_C_LANGUAGE_STANDARD = gnu11;
				GCC_NO_COMMON_BLOCKS = YES;
				GCC_WARN_64_TO_32_BIT_CONVERSION = YES;
				GCC_WARN_ABOUT_RETURN_TYPE = YES_ERROR;
				GCC_WARN_UNDECLARED_SELECTOR = YES;
				GCC_WARN_UNINITIALIZED_AUTOS = YES_AGGRESSIVE;
				GCC_WARN_UNUSED_FUNCTION = YES;
				GCC_WARN_UNUSED_VARIABLE = YES;
				IPHONEOS_DEPLOYMENT_TARGET = 16.1;
				MTL_ENABLE_DEBUG_INFO = NO;
				MTL_FAST_MATH = YES;
				SDKROOT = iphoneos;
				SWIFT_COMPILATION_MODE = wholemodule;
				SWIFT_OPTIMIZATION_LEVEL = "-O";
				VALIDATE_PRODUCT = YES;
			};
			name = Release;
		};
		7660B9BD2A9BA7880040A1D9 /* Debug */ = {
			isa = XCBuildConfiguration;
			buildSettings = {
				ASSETCATALOG_COMPILER_APPICON_NAME = AppIcon;
				ASSETCATALOG_COMPILER_GLOBAL_ACCENT_COLOR_NAME = AccentColor;
				CODE_SIGN_STYLE = Automatic;
				CURRENT_PROJECT_VERSION = 1;
				DEVELOPMENT_ASSET_PATHS = "\"TestingNotificationCenter/Preview Content\"";
				DEVELOPMENT_TEAM = 38ZV483UMD;
				ENABLE_PREVIEWS = YES;
				GENERATE_INFOPLIST_FILE = YES;
				INFOPLIST_KEY_UIApplicationSceneManifest_Generation = YES;
				INFOPLIST_KEY_UIApplicationSupportsIndirectInputEvents = YES;
				INFOPLIST_KEY_UILaunchScreen_Generation = YES;
				INFOPLIST_KEY_UISupportedInterfaceOrientations_iPad = "UIInterfaceOrientationPortrait UIInterfaceOrientationPortraitUpsideDown UIInterfaceOrientationLandscapeLeft UIInterfaceOrientationLandscapeRight";
				INFOPLIST_KEY_UISupportedInterfaceOrientations_iPhone = "UIInterfaceOrientationPortrait UIInterfaceOrientationLandscapeLeft UIInterfaceOrientationLandscapeRight";
				LD_RUNPATH_SEARCH_PATHS = (
					"$(inherited)",
					"@executable_path/Frameworks",
				);
				MARKETING_VERSION = 1.0;
				PRODUCT_BUNDLE_IDENTIFIER = br.com.brunaprojects.TestingNotificationCenter;
				PRODUCT_NAME = "$(TARGET_NAME)";
				SWIFT_EMIT_LOC_STRINGS = YES;
				SWIFT_VERSION = 5.0;
				TARGETED_DEVICE_FAMILY = "1,2";
			};
			name = Debug;
		};
		7660B9BE2A9BA7880040A1D9 /* Release */ = {
			isa = XCBuildConfiguration;
			buildSettings = {
				ASSETCATALOG_COMPILER_APPICON_NAME = AppIcon;
				ASSETCATALOG_COMPILER_GLOBAL_ACCENT_COLOR_NAME = AccentColor;
				CODE_SIGN_STYLE = Automatic;
				CURRENT_PROJECT_VERSION = 1;
				DEVELOPMENT_ASSET_PATHS = "\"TestingNotificationCenter/Preview Content\"";
				DEVELOPMENT_TEAM = 38ZV483UMD;
				ENABLE_PREVIEWS = YES;
				GENERATE_INFOPLIST_FILE = YES;
				INFOPLIST_KEY_UIApplicationSceneManifest_Generation = YES;
				INFOPLIST_KEY_UIApplicationSupportsIndirectInputEvents = YES;
				INFOPLIST_KEY_UILaunchScreen_Generation = YES;
				INFOPLIST_KEY_UISupportedInterfaceOrientations_iPad = "UIInterfaceOrientationPortrait UIInterfaceOrientationPortraitUpsideDown UIInterfaceOrientationLandscapeLeft UIInterfaceOrientationLandscapeRight";
				INFOPLIST_KEY_UISupportedInterfaceOrientations_iPhone = "UIInterfaceOrientationPortrait UIInterfaceOrientationLandscapeLeft UIInterfaceOrientationLandscapeRight";
				LD_RUNPATH_SEARCH_PATHS = (
					"$(inherited)",
					"@executable_path/Frameworks",
				);
				MARKETING_VERSION = 1.0;
				PRODUCT_BUNDLE_IDENTIFIER = br.com.brunaprojects.TestingNotificationCenter;
				PRODUCT_NAME = "$(TARGET_NAME)";
				SWIFT_EMIT_LOC_STRINGS = YES;
				SWIFT_VERSION = 5.0;
				TARGETED_DEVICE_FAMILY = "1,2";
			};
			name = Release;
		};
		7660B9C02A9BA7880040A1D9 /* Debug */ = {
			isa = XCBuildConfiguration;
			buildSettings = {
				ALWAYS_EMBED_SWIFT_STANDARD_LIBRARIES = YES;
				BUNDLE_LOADER = "$(TEST_HOST)";
				CODE_SIGN_STYLE = Automatic;
				CURRENT_PROJECT_VERSION = 1;
				DEVELOPMENT_TEAM = 38ZV483UMD;
				GENERATE_INFOPLIST_FILE = YES;
				IPHONEOS_DEPLOYMENT_TARGET = 16.1;
				MARKETING_VERSION = 1.0;
				PRODUCT_BUNDLE_IDENTIFIER = br.com.brunaprojects.TestingNotificationCenterTests;
				PRODUCT_NAME = "$(TARGET_NAME)";
				SWIFT_EMIT_LOC_STRINGS = NO;
				SWIFT_VERSION = 5.0;
				TARGETED_DEVICE_FAMILY = "1,2";
				TEST_HOST = "$(BUILT_PRODUCTS_DIR)/TestingNotificationCenter.app/$(BUNDLE_EXECUTABLE_FOLDER_PATH)/TestingNotificationCenter";
			};
			name = Debug;
		};
		7660B9C12A9BA7880040A1D9 /* Release */ = {
			isa = XCBuildConfiguration;
			buildSettings = {
				ALWAYS_EMBED_SWIFT_STANDARD_LIBRARIES = YES;
				BUNDLE_LOADER = "$(TEST_HOST)";
				CODE_SIGN_STYLE = Automatic;
				CURRENT_PROJECT_VERSION = 1;
				DEVELOPMENT_TEAM = 38ZV483UMD;
				GENERATE_INFOPLIST_FILE = YES;
				IPHONEOS_DEPLOYMENT_TARGET = 16.1;
				MARKETING_VERSION = 1.0;
				PRODUCT_BUNDLE_IDENTIFIER = br.com.brunaprojects.TestingNotificationCenterTests;
				PRODUCT_NAME = "$(TARGET_NAME)";
				SWIFT_EMIT_LOC_STRINGS = NO;
				SWIFT_VERSION = 5.0;
				TARGETED_DEVICE_FAMILY = "1,2";
				TEST_HOST = "$(BUILT_PRODUCTS_DIR)/TestingNotificationCenter.app/$(BUNDLE_EXECUTABLE_FOLDER_PATH)/TestingNotificationCenter";
			};
			name = Release;
		};
		7660B9C32A9BA7880040A1D9 /* Debug */ = {
			isa = XCBuildConfiguration;
			buildSettings = {
				ALWAYS_EMBED_SWIFT_STANDARD_LIBRARIES = YES;
				CODE_SIGN_STYLE = Automatic;
				CURRENT_PROJECT_VERSION = 1;
				DEVELOPMENT_TEAM = 38ZV483UMD;
				GENERATE_INFOPLIST_FILE = YES;
				MARKETING_VERSION = 1.0;
				PRODUCT_BUNDLE_IDENTIFIER = br.com.brunaprojects.TestingNotificationCenterUITests;
				PRODUCT_NAME = "$(TARGET_NAME)";
				SWIFT_EMIT_LOC_STRINGS = NO;
				SWIFT_VERSION = 5.0;
				TARGETED_DEVICE_FAMILY = "1,2";
				TEST_TARGET_NAME = TestingNotificationCenter;
			};
			name = Debug;
		};
		7660B9C42A9BA7880040A1D9 /* Release */ = {
			isa = XCBuildConfiguration;
			buildSettings = {
				ALWAYS_EMBED_SWIFT_STANDARD_LIBRARIES = YES;
				CODE_SIGN_STYLE = Automatic;
				CURRENT_PROJECT_VERSION = 1;
				DEVELOPMENT_TEAM = 38ZV483UMD;
				GENERATE_INFOPLIST_FILE = YES;
				MARKETING_VERSION = 1.0;
				PRODUCT_BUNDLE_IDENTIFIER = br.com.brunaprojects.TestingNotificationCenterUITests;
				PRODUCT_NAME = "$(TARGET_NAME)";
				SWIFT_EMIT_LOC_STRINGS = NO;
				SWIFT_VERSION = 5.0;
				TARGETED_DEVICE_FAMILY = "1,2";
				TEST_TARGET_NAME = TestingNotificationCenter;
			};
			name = Release;
		};
/* End XCBuildConfiguration section */

/* Begin XCConfigurationList section */
		7660B9932A9BA7850040A1D9 /* Build configuration list for PBXProject "TestingNotificationCenter" */ = {
			isa = XCConfigurationList;
			buildConfigurations = (
				7660B9BA2A9BA7880040A1D9 /* Debug */,
				7660B9BB2A9BA7880040A1D9 /* Release */,
			);
			defaultConfigurationIsVisible = 0;
			defaultConfigurationName = Release;
		};
		7660B9BC2A9BA7880040A1D9 /* Build configuration list for PBXNativeTarget "TestingNotificationCenter" */ = {
			isa = XCConfigurationList;
			buildConfigurations = (
				7660B9BD2A9BA7880040A1D9 /* Debug */,
				7660B9BE2A9BA7880040A1D9 /* Release */,
			);
			defaultConfigurationIsVisible = 0;
			defaultConfigurationName = Release;
		};
		7660B9BF2A9BA7880040A1D9 /* Build configuration list for PBXNativeTarget "TestingNotificationCenterTests" */ = {
			isa = XCConfigurationList;
			buildConfigurations = (
				7660B9C02A9BA7880040A1D9 /* Debug */,
				7660B9C12A9BA7880040A1D9 /* Release */,
			);
			defaultConfigurationIsVisible = 0;
			defaultConfigurationName = Release;
		};
		7660B9C22A9BA7880040A1D9 /* Build configuration list for PBXNativeTarget "TestingNotificationCenterUITests" */ = {
			isa = XCConfigurationList;
			buildConfigurations = (
				7660B9C32A9BA7880040A1D9 /* Debug */,
				7660B9C42A9BA7880040A1D9 /* Release */,
			);
			defaultConfigurationIsVisible = 0;
			defaultConfigurationName = Release;
		};
/* End XCConfigurationList section */
	};
	rootObject = 7660B9902A9BA7850040A1D9 /* Project object */;
}
